// !$*UTF8*$!
{
	archiveVersion = 1;
	classes = {
	};
	objectVersion = 56;
	objects = {

/* Begin PBXBuildFile section */
		F45015F52C05B6E50094BD22 /* AppDelegate.swift in Sources */ = {isa = PBXBuildFile; fileRef = F45015F42C05B6E50094BD22 /* AppDelegate.swift */; };
		F45015F72C05B6E50094BD22 /* SceneDelegate.swift in Sources */ = {isa = PBXBuildFile; fileRef = F45015F62C05B6E50094BD22 /* SceneDelegate.swift */; };
		F45015F92C05B6E50094BD22 /* TabBarViewController.swift in Sources */ = {isa = PBXBuildFile; fileRef = F45015F82C05B6E50094BD22 /* TabBarViewController.swift */; };
		F45015FE2C05B6E70094BD22 /* Assets.xcassets in Resources */ = {isa = PBXBuildFile; fileRef = F45015FD2C05B6E70094BD22 /* Assets.xcassets */; };
		F45016012C05B6E70094BD22 /* LaunchScreen.storyboard in Resources */ = {isa = PBXBuildFile; fileRef = F45015FF2C05B6E70094BD22 /* LaunchScreen.storyboard */; };
		F45016092C05B86D0094BD22 /* AirTicketsViewController.swift in Sources */ = {isa = PBXBuildFile; fileRef = F45016082C05B86D0094BD22 /* AirTicketsViewController.swift */; };
		F450160B2C05B9260094BD22 /* HotelsViewController.swift in Sources */ = {isa = PBXBuildFile; fileRef = F450160A2C05B9260094BD22 /* HotelsViewController.swift */; };
		F450160D2C05B97F0094BD22 /* ShortViewController.swift in Sources */ = {isa = PBXBuildFile; fileRef = F450160C2C05B97F0094BD22 /* ShortViewController.swift */; };
		F450160F2C05BA950094BD22 /* SubscriptionViewController.swift in Sources */ = {isa = PBXBuildFile; fileRef = F450160E2C05BA950094BD22 /* SubscriptionViewController.swift */; };
		F45016112C05BAD70094BD22 /* ProfileViewController.swift in Sources */ = {isa = PBXBuildFile; fileRef = F45016102C05BAD70094BD22 /* ProfileViewController.swift */; };
		F473138C2C070A1400849E08 /* PlaceTableCustomCell.swift in Sources */ = {isa = PBXBuildFile; fileRef = F473138B2C070A1400849E08 /* PlaceTableCustomCell.swift */; };
		F488CA852C09928600277657 /* AirTicketsManager.swift in Sources */ = {isa = PBXBuildFile; fileRef = F488CA842C09928600277657 /* AirTicketsManager.swift */; };
		F488CA872C0997C100277657 /* AirTicketsData.swift in Sources */ = {isa = PBXBuildFile; fileRef = F488CA862C0997C100277657 /* AirTicketsData.swift */; };
		F488CA892C0997E200277657 /* AirTicketsModel.swift in Sources */ = {isa = PBXBuildFile; fileRef = F488CA882C0997E200277657 /* AirTicketsModel.swift */; };
		F488D8A82C05F815001855E1 /* CustomCollectionMainViewCell.swift in Sources */ = {isa = PBXBuildFile; fileRef = F488D8A72C05F815001855E1 /* CustomCollectionMainViewCell.swift */; };
		F488D8AA2C06057F001855E1 /* WhereToGoViewController.swift in Sources */ = {isa = PBXBuildFile; fileRef = F488D8A92C06057F001855E1 /* WhereToGoViewController.swift */; };
		F48E89E62C06FCBF004E2A09 /* WhereCustomViewCell.swift in Sources */ = {isa = PBXBuildFile; fileRef = F48E89E52C06FCBF004E2A09 /* WhereCustomViewCell.swift */; };
/* End PBXBuildFile section */

/* Begin PBXFileReference section */
		F45015F12C05B6E50094BD22 /* EffectiveMobile.app */ = {isa = PBXFileReference; explicitFileType = wrapper.application; includeInIndex = 0; path = EffectiveMobile.app; sourceTree = BUILT_PRODUCTS_DIR; };
		F45015F42C05B6E50094BD22 /* AppDelegate.swift */ = {isa = PBXFileReference; lastKnownFileType = sourcecode.swift; path = AppDelegate.swift; sourceTree = "<group>"; };
		F45015F62C05B6E50094BD22 /* SceneDelegate.swift */ = {isa = PBXFileReference; lastKnownFileType = sourcecode.swift; path = SceneDelegate.swift; sourceTree = "<group>"; };
		F45015F82C05B6E50094BD22 /* TabBarViewController.swift */ = {isa = PBXFileReference; lastKnownFileType = sourcecode.swift; path = TabBarViewController.swift; sourceTree = "<group>"; };
		F45015FD2C05B6E70094BD22 /* Assets.xcassets */ = {isa = PBXFileReference; lastKnownFileType = folder.assetcatalog; path = Assets.xcassets; sourceTree = "<group>"; };
		F45016002C05B6E70094BD22 /* Base */ = {isa = PBXFileReference; lastKnownFileType = file.storyboard; name = Base; path = Base.lproj/LaunchScreen.storyboard; sourceTree = "<group>"; };
		F45016022C05B6E70094BD22 /* Info.plist */ = {isa = PBXFileReference; lastKnownFileType = text.plist.xml; path = Info.plist; sourceTree = "<group>"; };
		F45016082C05B86D0094BD22 /* AirTicketsViewController.swift */ = {isa = PBXFileReference; lastKnownFileType = sourcecode.swift; path = AirTicketsViewController.swift; sourceTree = "<group>"; };
		F450160A2C05B9260094BD22 /* HotelsViewController.swift */ = {isa = PBXFileReference; lastKnownFileType = sourcecode.swift; path = HotelsViewController.swift; sourceTree = "<group>"; };
		F450160C2C05B97F0094BD22 /* ShortViewController.swift */ = {isa = PBXFileReference; lastKnownFileType = sourcecode.swift; path = ShortViewController.swift; sourceTree = "<group>"; };
		F450160E2C05BA950094BD22 /* SubscriptionViewController.swift */ = {isa = PBXFileReference; lastKnownFileType = sourcecode.swift; path = SubscriptionViewController.swift; sourceTree = "<group>"; };
		F45016102C05BAD70094BD22 /* ProfileViewController.swift */ = {isa = PBXFileReference; lastKnownFileType = sourcecode.swift; path = ProfileViewController.swift; sourceTree = "<group>"; };
		F473138B2C070A1400849E08 /* PlaceTableCustomCell.swift */ = {isa = PBXFileReference; lastKnownFileType = sourcecode.swift; path = PlaceTableCustomCell.swift; sourceTree = "<group>"; };
		F488CA842C09928600277657 /* AirTicketsManager.swift */ = {isa = PBXFileReference; lastKnownFileType = sourcecode.swift; path = AirTicketsManager.swift; sourceTree = "<group>"; };
		F488CA862C0997C100277657 /* AirTicketsData.swift */ = {isa = PBXFileReference; lastKnownFileType = sourcecode.swift; path = AirTicketsData.swift; sourceTree = "<group>"; };
		F488CA882C0997E200277657 /* AirTicketsModel.swift */ = {isa = PBXFileReference; lastKnownFileType = sourcecode.swift; path = AirTicketsModel.swift; sourceTree = "<group>"; };
		F488D8A72C05F815001855E1 /* CustomCollectionMainViewCell.swift */ = {isa = PBXFileReference; lastKnownFileType = sourcecode.swift; path = CustomCollectionMainViewCell.swift; sourceTree = "<group>"; };
		F488D8A92C06057F001855E1 /* WhereToGoViewController.swift */ = {isa = PBXFileReference; lastKnownFileType = sourcecode.swift; path = WhereToGoViewController.swift; sourceTree = "<group>"; };
		F48E89E52C06FCBF004E2A09 /* WhereCustomViewCell.swift */ = {isa = PBXFileReference; lastKnownFileType = sourcecode.swift; path = WhereCustomViewCell.swift; sourceTree = "<group>"; };
/* End PBXFileReference section */

/* Begin PBXFrameworksBuildPhase section */
		F45015EE2C05B6E50094BD22 /* Frameworks */ = {
			isa = PBXFrameworksBuildPhase;
			buildActionMask = 2147483647;
			files = (
			);
			runOnlyForDeploymentPostprocessing = 0;
		};
/* End PBXFrameworksBuildPhase section */

/* Begin PBXGroup section */
		F45015E82C05B6E50094BD22 = {
			isa = PBXGroup;
			children = (
				F45015F32C05B6E50094BD22 /* EffectiveMobile */,
				F45015F22C05B6E50094BD22 /* Products */,
			);
			sourceTree = "<group>";
		};
		F45015F22C05B6E50094BD22 /* Products */ = {
			isa = PBXGroup;
			children = (
				F45015F12C05B6E50094BD22 /* EffectiveMobile.app */,
			);
			name = Products;
			sourceTree = "<group>";
		};
		F45015F32C05B6E50094BD22 /* EffectiveMobile */ = {
			isa = PBXGroup;
			children = (
				F45016122C05BBA30094BD22 /* Models */,
				F45016132C05BBAD0094BD22 /* Views */,
				F45016142C05BBB90094BD22 /* ViewModels */,
				F45016152C05BBCB0094BD22 /* Services */,
				F45016162C05BBDA0094BD22 /* Coordinators */,
				F45016172C05BBEF0094BD22 /* Resources */,
				F45016182C05BBFA0094BD22 /* Extensions */,
				F45016192C05BC0C0094BD22 /* Helpers */,
				F450161A2C05BC160094BD22 /* SupportingFiles */,
			);
			path = EffectiveMobile;
			sourceTree = "<group>";
		};
		F45016122C05BBA30094BD22 /* Models */ = {
			isa = PBXGroup;
			children = (
			);
			path = Models;
			sourceTree = "<group>";
		};
		F45016132C05BBAD0094BD22 /* Views */ = {
			isa = PBXGroup;
			children = (
				F47313932C076EE500849E08 /* UnusebleViews */,
				F45015F82C05B6E50094BD22 /* TabBarViewController.swift */,
				F45016082C05B86D0094BD22 /* AirTicketsViewController.swift */,
				F488D8A72C05F815001855E1 /* CustomCollectionMainViewCell.swift */,
				F488D8A92C06057F001855E1 /* WhereToGoViewController.swift */,
				F48E89E52C06FCBF004E2A09 /* WhereCustomViewCell.swift */,
				F473138B2C070A1400849E08 /* PlaceTableCustomCell.swift */,
			);
			path = Views;
			sourceTree = "<group>";
		};
		F45016142C05BBB90094BD22 /* ViewModels */ = {
			isa = PBXGroup;
			children = (
			);
			path = ViewModels;
			sourceTree = "<group>";
		};
		F45016152C05BBCB0094BD22 /* Services */ = {
			isa = PBXGroup;
			children = (
				F488CA842C09928600277657 /* AirTicketsManager.swift */,
				F488CA862C0997C100277657 /* AirTicketsData.swift */,
				F488CA882C0997E200277657 /* AirTicketsModel.swift */,
			);
			path = Services;
			sourceTree = "<group>";
		};
		F45016162C05BBDA0094BD22 /* Coordinators */ = {
			isa = PBXGroup;
			children = (
			);
			path = Coordinators;
			sourceTree = "<group>";
		};
		F45016172C05BBEF0094BD22 /* Resources */ = {
			isa = PBXGroup;
			children = (
				F45015FD2C05B6E70094BD22 /* Assets.xcassets */,
			);
			path = Resources;
			sourceTree = "<group>";
		};
		F45016182C05BBFA0094BD22 /* Extensions */ = {
			isa = PBXGroup;
			children = (
			);
			path = Extensions;
			sourceTree = "<group>";
		};
		F45016192C05BC0C0094BD22 /* Helpers */ = {
			isa = PBXGroup;
			children = (
			);
			path = Helpers;
			sourceTree = "<group>";
		};
		F450161A2C05BC160094BD22 /* SupportingFiles */ = {
			isa = PBXGroup;
			children = (
				F45015F42C05B6E50094BD22 /* AppDelegate.swift */,
				F45015F62C05B6E50094BD22 /* SceneDelegate.swift */,
				F45016022C05B6E70094BD22 /* Info.plist */,
				F45015FF2C05B6E70094BD22 /* LaunchScreen.storyboard */,
			);
			path = SupportingFiles;
			sourceTree = "<group>";
		};
		F47313932C076EE500849E08 /* UnusebleViews */ = {
			isa = PBXGroup;
			children = (
				F450160A2C05B9260094BD22 /* HotelsViewController.swift */,
				F450160C2C05B97F0094BD22 /* ShortViewController.swift */,
				F450160E2C05BA950094BD22 /* SubscriptionViewController.swift */,
				F45016102C05BAD70094BD22 /* ProfileViewController.swift */,
			);
			path = UnusebleViews;
			sourceTree = "<group>";
		};
/* End PBXGroup section */

/* Begin PBXNativeTarget section */
		F45015F02C05B6E50094BD22 /* EffectiveMobile */ = {
			isa = PBXNativeTarget;
			buildConfigurationList = F45016052C05B6E70094BD22 /* Build configuration list for PBXNativeTarget "EffectiveMobile" */;
			buildPhases = (
				F45015ED2C05B6E50094BD22 /* Sources */,
				F45015EE2C05B6E50094BD22 /* Frameworks */,
				F45015EF2C05B6E50094BD22 /* Resources */,
			);
			buildRules = (
			);
			dependencies = (
			);
			name = EffectiveMobile;
			productName = EffectiveMobile;
			productReference = F45015F12C05B6E50094BD22 /* EffectiveMobile.app */;
			productType = "com.apple.product-type.application";
		};
/* End PBXNativeTarget section */

/* Begin PBXProject section */
		F45015E92C05B6E50094BD22 /* Project object */ = {
			isa = PBXProject;
			attributes = {
				BuildIndependentTargetsInParallel = 1;
				LastSwiftUpdateCheck = 1510;
				LastUpgradeCheck = 1510;
				TargetAttributes = {
					F45015F02C05B6E50094BD22 = {
						CreatedOnToolsVersion = 15.1;
					};
				};
			};
			buildConfigurationList = F45015EC2C05B6E50094BD22 /* Build configuration list for PBXProject "EffectiveMobile" */;
			compatibilityVersion = "Xcode 14.0";
			developmentRegion = en;
			hasScannedForEncodings = 0;
			knownRegions = (
				en,
				Base,
			);
			mainGroup = F45015E82C05B6E50094BD22;
			productRefGroup = F45015F22C05B6E50094BD22 /* Products */;
			projectDirPath = "";
			projectRoot = "";
			targets = (
				F45015F02C05B6E50094BD22 /* EffectiveMobile */,
			);
		};
/* End PBXProject section */

/* Begin PBXResourcesBuildPhase section */
		F45015EF2C05B6E50094BD22 /* Resources */ = {
			isa = PBXResourcesBuildPhase;
			buildActionMask = 2147483647;
			files = (
				F45016012C05B6E70094BD22 /* LaunchScreen.storyboard in Resources */,
				F45015FE2C05B6E70094BD22 /* Assets.xcassets in Resources */,
			);
			runOnlyForDeploymentPostprocessing = 0;
		};
/* End PBXResourcesBuildPhase section */

/* Begin PBXSourcesBuildPhase section */
		F45015ED2C05B6E50094BD22 /* Sources */ = {
			isa = PBXSourcesBuildPhase;
			buildActionMask = 2147483647;
			files = (
				F45015F92C05B6E50094BD22 /* TabBarViewController.swift in Sources */,
				F488CA852C09928600277657 /* AirTicketsManager.swift in Sources */,
				F488CA892C0997E200277657 /* AirTicketsModel.swift in Sources */,
				F488D8A82C05F815001855E1 /* CustomCollectionMainViewCell.swift in Sources */,
				F48E89E62C06FCBF004E2A09 /* WhereCustomViewCell.swift in Sources */,
				F450160F2C05BA950094BD22 /* SubscriptionViewController.swift in Sources */,
				F450160D2C05B97F0094BD22 /* ShortViewController.swift in Sources */,
				F488CA872C0997C100277657 /* AirTicketsData.swift in Sources */,
				F45015F52C05B6E50094BD22 /* AppDelegate.swift in Sources */,
				F45016092C05B86D0094BD22 /* AirTicketsViewController.swift in Sources */,
				F45015F72C05B6E50094BD22 /* SceneDelegate.swift in Sources */,
				F45016112C05BAD70094BD22 /* ProfileViewController.swift in Sources */,
				F473138C2C070A1400849E08 /* PlaceTableCustomCell.swift in Sources */,
				F450160B2C05B9260094BD22 /* HotelsViewController.swift in Sources */,
				F488D8AA2C06057F001855E1 /* WhereToGoViewController.swift in Sources */,
			);
			runOnlyForDeploymentPostprocessing = 0;
		};
/* End PBXSourcesBuildPhase section */

/* Begin PBXVariantGroup section */
		F45015FF2C05B6E70094BD22 /* LaunchScreen.storyboard */ = {
			isa = PBXVariantGroup;
			children = (
				F45016002C05B6E70094BD22 /* Base */,
			);
			name = LaunchScreen.storyboard;
			sourceTree = "<group>";
		};
/* End PBXVariantGroup section */

/* Begin XCBuildConfiguration section */
		F45016032C05B6E70094BD22 /* Debug */ = {
			isa = XCBuildConfiguration;
			buildSettings = {
				ALWAYS_SEARCH_USER_PATHS = NO;
				ASSETCATALOG_COMPILER_GENERATE_SWIFT_ASSET_SYMBOL_EXTENSIONS = YES;
				CLANG_ANALYZER_NONNULL = YES;
				CLANG_ANALYZER_NUMBER_OBJECT_CONVERSION = YES_AGGRESSIVE;
				CLANG_CXX_LANGUAGE_STANDARD = "gnu++20";
				CLANG_ENABLE_MODULES = YES;
				CLANG_ENABLE_OBJC_ARC = YES;
				CLANG_ENABLE_OBJC_WEAK = YES;
				CLANG_WARN_BLOCK_CAPTURE_AUTORELEASING = YES;
				CLANG_WARN_BOOL_CONVERSION = YES;
				CLANG_WARN_COMMA = YES;
				CLANG_WARN_CONSTANT_CONVERSION = YES;
				CLANG_WARN_DEPRECATED_OBJC_IMPLEMENTATIONS = YES;
				CLANG_WARN_DIRECT_OBJC_ISA_USAGE = YES_ERROR;
				CLANG_WARN_DOCUMENTATION_COMMENTS = YES;
				CLANG_WARN_EMPTY_BODY = YES;
				CLANG_WARN_ENUM_CONVERSION = YES;
				CLANG_WARN_INFINITE_RECURSION = YES;
				CLANG_WARN_INT_CONVERSION = YES;
				CLANG_WARN_NON_LITERAL_NULL_CONVERSION = YES;
				CLANG_WARN_OBJC_IMPLICIT_RETAIN_SELF = YES;
				CLANG_WARN_OBJC_LITERAL_CONVERSION = YES;
				CLANG_WARN_OBJC_ROOT_CLASS = YES_ERROR;
				CLANG_WARN_QUOTED_INCLUDE_IN_FRAMEWORK_HEADER = YES;
				CLANG_WARN_RANGE_LOOP_ANALYSIS = YES;
				CLANG_WARN_STRICT_PROTOTYPES = YES;
				CLANG_WARN_SUSPICIOUS_MOVE = YES;
				CLANG_WARN_UNGUARDED_AVAILABILITY = YES_AGGRESSIVE;
				CLANG_WARN_UNREACHABLE_CODE = YES;
				CLANG_WARN__DUPLICATE_METHOD_MATCH = YES;
				COPY_PHASE_STRIP = NO;
				DEBUG_INFORMATION_FORMAT = dwarf;
				ENABLE_STRICT_OBJC_MSGSEND = YES;
				ENABLE_TESTABILITY = YES;
				ENABLE_USER_SCRIPT_SANDBOXING = YES;
				GCC_C_LANGUAGE_STANDARD = gnu17;
				GCC_DYNAMIC_NO_PIC = NO;
				GCC_NO_COMMON_BLOCKS = YES;
				GCC_OPTIMIZATION_LEVEL = 0;
				GCC_PREPROCESSOR_DEFINITIONS = (
					"DEBUG=1",
					"$(inherited)",
				);
				GCC_WARN_64_TO_32_BIT_CONVERSION = YES;
				GCC_WARN_ABOUT_RETURN_TYPE = YES_ERROR;
				GCC_WARN_UNDECLARED_SELECTOR = YES;
				GCC_WARN_UNINITIALIZED_AUTOS = YES_AGGRESSIVE;
				GCC_WARN_UNUSED_FUNCTION = YES;
				GCC_WARN_UNUSED_VARIABLE = YES;
				IPHONEOS_DEPLOYMENT_TARGET = 14.0;
				LOCALIZATION_PREFERS_STRING_CATALOGS = YES;
				MTL_ENABLE_DEBUG_INFO = INCLUDE_SOURCE;
				MTL_FAST_MATH = YES;
				ONLY_ACTIVE_ARCH = YES;
				SDKROOT = iphoneos;
				SWIFT_ACTIVE_COMPILATION_CONDITIONS = "DEBUG $(inherited)";
				SWIFT_OPTIMIZATION_LEVEL = "-Onone";
			};
			name = Debug;
		};
		F45016042C05B6E70094BD22 /* Release */ = {
			isa = XCBuildConfiguration;
			buildSettings = {
				ALWAYS_SEARCH_USER_PATHS = NO;
				ASSETCATALOG_COMPILER_GENERATE_SWIFT_ASSET_SYMBOL_EXTENSIONS = YES;
				CLANG_ANALYZER_NONNULL = YES;
				CLANG_ANALYZER_NUMBER_OBJECT_CONVERSION = YES_AGGRESSIVE;
				CLANG_CXX_LANGUAGE_STANDARD = "gnu++20";
				CLANG_ENABLE_MODULES = YES;
				CLANG_ENABLE_OBJC_ARC = YES;
				CLANG_ENABLE_OBJC_WEAK = YES;
				CLANG_WARN_BLOCK_CAPTURE_AUTORELEASING = YES;
				CLANG_WARN_BOOL_CONVERSION = YES;
				CLANG_WARN_COMMA = YES;
				CLANG_WARN_CONSTANT_CONVERSION = YES;
				CLANG_WARN_DEPRECATED_OBJC_IMPLEMENTATIONS = YES;
				CLANG_WARN_DIRECT_OBJC_ISA_USAGE = YES_ERROR;
				CLANG_WARN_DOCUMENTATION_COMMENTS = YES;
				CLANG_WARN_EMPTY_BODY = YES;
				CLANG_WARN_ENUM_CONVERSION = YES;
				CLANG_WARN_INFINITE_RECURSION = YES;
				CLANG_WARN_INT_CONVERSION = YES;
				CLANG_WARN_NON_LITERAL_NULL_CONVERSION = YES;
				CLANG_WARN_OBJC_IMPLICIT_RETAIN_SELF = YES;
				CLANG_WARN_OBJC_LITERAL_CONVERSION = YES;
				CLANG_WARN_OBJC_ROOT_CLASS = YES_ERROR;
				CLANG_WARN_QUOTED_INCLUDE_IN_FRAMEWORK_HEADER = YES;
				CLANG_WARN_RANGE_LOOP_ANALYSIS = YES;
				CLANG_WARN_STRICT_PROTOTYPES = YES;
				CLANG_WARN_SUSPICIOUS_MOVE = YES;
				CLANG_WARN_UNGUARDED_AVAILABILITY = YES_AGGRESSIVE;
				CLANG_WARN_UNREACHABLE_CODE = YES;
				CLANG_WARN__DUPLICATE_METHOD_MATCH = YES;
				COPY_PHASE_STRIP = NO;
				DEBUG_INFORMATION_FORMAT = "dwarf-with-dsym";
				ENABLE_NS_ASSERTIONS = NO;
				ENABLE_STRICT_OBJC_MSGSEND = YES;
				ENABLE_USER_SCRIPT_SANDBOXING = YES;
				GCC_C_LANGUAGE_STANDARD = gnu17;
				GCC_NO_COMMON_BLOCKS = YES;
				GCC_WARN_64_TO_32_BIT_CONVERSION = YES;
				GCC_WARN_ABOUT_RETURN_TYPE = YES_ERROR;
				GCC_WARN_UNDECLARED_SELECTOR = YES;
				GCC_WARN_UNINITIALIZED_AUTOS = YES_AGGRESSIVE;
				GCC_WARN_UNUSED_FUNCTION = YES;
				GCC_WARN_UNUSED_VARIABLE = YES;
				IPHONEOS_DEPLOYMENT_TARGET = 14.0;
				LOCALIZATION_PREFERS_STRING_CATALOGS = YES;
				MTL_ENABLE_DEBUG_INFO = NO;
				MTL_FAST_MATH = YES;
				SDKROOT = iphoneos;
				SWIFT_COMPILATION_MODE = wholemodule;
				VALIDATE_PRODUCT = YES;
			};
			name = Release;
		};
		F45016062C05B6E70094BD22 /* Debug */ = {
			isa = XCBuildConfiguration;
			buildSettings = {
				ASSETCATALOG_COMPILER_APPICON_NAME = AppIcon;
				ASSETCATALOG_COMPILER_GLOBAL_ACCENT_COLOR_NAME = AccentColor;
				CODE_SIGN_STYLE = Automatic;
				CURRENT_PROJECT_VERSION = 1;
				DEVELOPMENT_TEAM = 66QMN95M53;
				GENERATE_INFOPLIST_FILE = YES;
				INFOPLIST_FILE = EffectiveMobile/SupportingFiles/Info.plist;
				INFOPLIST_KEY_UIApplicationSupportsIndirectInputEvents = YES;
				INFOPLIST_KEY_UILaunchStoryboardName = LaunchScreen;
				INFOPLIST_KEY_UISupportedInterfaceOrientations = UIInterfaceOrientationPortrait;
				INFOPLIST_KEY_UISupportedInterfaceOrientations_iPad = "UIInterfaceOrientationLandscapeLeft UIInterfaceOrientationLandscapeRight UIInterfaceOrientationPortrait UIInterfaceOrientationPortraitUpsideDown";
				LD_RUNPATH_SEARCH_PATHS = (
					"$(inherited)",
					"@executable_path/Frameworks",
				);
				MARKETING_VERSION = 1.0;
				PRODUCT_BUNDLE_IDENTIFIER = Blanxxty.EffectiveMobile;
				PRODUCT_NAME = "$(TARGET_NAME)";
				SUPPORTED_PLATFORMS = "iphoneos iphonesimulator";
				SUPPORTS_MACCATALYST = NO;
				SUPPORTS_MAC_DESIGNED_FOR_IPHONE_IPAD = NO;
				SWIFT_EMIT_LOC_STRINGS = YES;
				SWIFT_VERSION = 5.0;
				TARGETED_DEVICE_FAMILY = 1;
			};
			name = Debug;
		};
		F45016072C05B6E70094BD22 /* Release */ = {
			isa = XCBuildConfiguration;
			buildSettings = {
				ASSETCATALOG_COMPILER_APPICON_NAME = AppIcon;
				ASSETCATALOG_COMPILER_GLOBAL_ACCENT_COLOR_NAME = AccentColor;
				CODE_SIGN_STYLE = Automatic;
				CURRENT_PROJECT_VERSION = 1;
				DEVELOPMENT_TEAM = 66QMN95M53;
				GENERATE_INFOPLIST_FILE = YES;
				INFOPLIST_FILE = EffectiveMobile/SupportingFiles/Info.plist;
				INFOPLIST_KEY_UIApplicationSupportsIndirectInputEvents = YES;
				INFOPLIST_KEY_UILaunchStoryboardName = LaunchScreen;
				INFOPLIST_KEY_UISupportedInterfaceOrientations = UIInterfaceOrientationPortrait;
				INFOPLIST_KEY_UISupportedInterfaceOrientations_iPad = "UIInterfaceOrientationLandscapeLeft UIInterfaceOrientationLandscapeRight UIInterfaceOrientationPortrait UIInterfaceOrientationPortraitUpsideDown";
				LD_RUNPATH_SEARCH_PATHS = (
					"$(inherited)",
					"@executable_path/Frameworks",
				);
				MARKETING_VERSION = 1.0;
				PRODUCT_BUNDLE_IDENTIFIER = Blanxxty.EffectiveMobile;
				PRODUCT_NAME = "$(TARGET_NAME)";
				SUPPORTED_PLATFORMS = "iphoneos iphonesimulator";
				SUPPORTS_MACCATALYST = NO;
				SUPPORTS_MAC_DESIGNED_FOR_IPHONE_IPAD = NO;
				SWIFT_EMIT_LOC_STRINGS = YES;
				SWIFT_VERSION = 5.0;
				TARGETED_DEVICE_FAMILY = 1;
			};
			name = Release;
		};
/* End XCBuildConfiguration section */

/* Begin XCConfigurationList section */
		F45015EC2C05B6E50094BD22 /* Build configuration list for PBXProject "EffectiveMobile" */ = {
			isa = XCConfigurationList;
			buildConfigurations = (
				F45016032C05B6E70094BD22 /* Debug */,
				F45016042C05B6E70094BD22 /* Release */,
			);
			defaultConfigurationIsVisible = 0;
			defaultConfigurationName = Release;
		};
		F45016052C05B6E70094BD22 /* Build configuration list for PBXNativeTarget "EffectiveMobile" */ = {
			isa = XCConfigurationList;
			buildConfigurations = (
				F45016062C05B6E70094BD22 /* Debug */,
				F45016072C05B6E70094BD22 /* Release */,
			);
			defaultConfigurationIsVisible = 0;
			defaultConfigurationName = Release;
		};
/* End XCConfigurationList section */
	};
	rootObject = F45015E92C05B6E50094BD22 /* Project object */;
}
